Microsoft Visual Studio Solution File, Format Version 12.00
# Visual Studio Version 17
VisualStudioVersion = 17.5.2.0
MinimumVisualStudioVersion = 10.0.40219.1
Project("{FAE04EC0-301F-11D3-BF4B-00C04F79EFBC}") = "Maroccantaginerecipe", "Maroccantaginerecipe.csproj", "{A55BDA46-5D9F-9764-C7D6-B9F018F0FD08}"
EndProject
Global
	GlobalSection(SolutionConfigurationPlatforms) = preSolution
		Debug|Any CPU = Debug|Any CPU
		Release|Any CPU = Release|Any CPU
	EndGlobalSection
	GlobalSection(ProjectConfigurationPlatforms) = postSolution
		{A55BDA46-5D9F-9764-C7D6-B9F018F0FD08}.Debug|Any CPU.ActiveCfg = Debug|Any CPU
		{A55BDA46-5D9F-9764-C7D6-B9F018F0FD08}.Debug|Any CPU.Build.0 = Debug|Any CPU
		{A55BDA46-5D9F-9764-C7D6-B9F018F0FD08}.Release|Any CPU.ActiveCfg = Release|Any CPU
		{A55BDA46-5D9F-9764-C7D6-B9F018F0FD08}.Release|Any CPU.Build.0 = Release|Any CPU
	EndGlobalSection
	GlobalSection(SolutionProperties) = preSolution
		HideSolutionNode = FALSE
	EndGlobalSection
	GlobalSection(ExtensibilityGlobals) = postSolution
		SolutionGuid = {EB23F8DE-3BA9-4E8F-9EF4-9C1DBCEFC018}
	EndGlobalSection
EndGlobal
